
Microsoft Visual Studio Solution File, Format Version 12.00
# Visual Studio Version 16
VisualStudioVersion = 16.0.29306.81
MinimumVisualStudioVersion = 10.0.40219.1
Project("{00D1A9C2-B5F0-4AF3-8072-F6C62B433612}") = "DeviceSQL", "DeviceSQL\DeviceSQL.sqlproj", "{CB6F0884-5A58-432A-800E-4ABFEEAB6F46}"
EndProject
Project("{FAE04EC0-301F-11D3-BF4B-00C04F79EFBC}") = "DeviceSQL.DatabaseSetupUtility", "DeviceSQL.DatabaseSetupUtility\DeviceSQL.DatabaseSetupUtility.csproj", "{22929CF0-D02A-47D9-A308-D1D5497BF42B}"
EndProject
Project("{FAE04EC0-301F-11D3-BF4B-00C04F79EFBC}") = "DeviceSQL.Service", "DeviceSQL.Service\DeviceSQL.Service.csproj", "{F7B38332-A678-424C-A67E-25CF36C2430D}"
EndProject
Project("{FAE04EC0-301F-11D3-BF4B-00C04F79EFBC}") = "DeviceSQL.Devices.ROC", "DeviceSQL.Devices.ROC\DeviceSQL.Devices.ROC.csproj", "{AF0E4B64-F2C2-4459-A518-9AA905FF6F0F}"
EndProject
Project("{FAE04EC0-301F-11D3-BF4B-00C04F79EFBC}") = "DeviceSQL.Devices.Modbus", "DeviceSQL.Devices.Modbus\DeviceSQL.Devices.Modbus.csproj", "{0869E7FE-4FAC-4FC5-A2A8-313F410CF8CD}"
EndProject
Project("{FAE04EC0-301F-11D3-BF4B-00C04F79EFBC}") = "DeviceSQL.Devices.Common", "DeviceSQL.Devices.Common\DeviceSQL.Devices.Common.csproj", "{5DEADADF-BE60-4774-80C6-97B3A83FA289}"
EndProject
Project("{FAE04EC0-301F-11D3-BF4B-00C04F79EFBC}") = "DeviceSQL.SQLTypes.ROC", "DeviceSQL.SQLTypes.ROC\DeviceSQL.SQLTypes.ROC.csproj", "{256CA566-5436-4543-BC13-D2480BEE70C2}"
EndProject
Project("{FAE04EC0-301F-11D3-BF4B-00C04F79EFBC}") = "DeviceSQL.SQLTypes.Modbus", "DeviceSQL.SQLTypes.Modbus\DeviceSQL.SQLTypes.Modbus.csproj", "{CD45D76E-D2ED-4587-9873-F35AD24E42A5}"
EndProject
Project("{00D1A9C2-B5F0-4AF3-8072-F6C62B433612}") = "DeviceSQL.ChannelManager", "DeviceSQL.ChannelManager\DeviceSQL.ChannelManager.sqlproj", "{6393A621-3002-48AB-8DE0-74A03FFC4AFB}"
EndProject
Project("{00D1A9C2-B5F0-4AF3-8072-F6C62B433612}") = "DeviceSQL.ROCMaster", "DeviceSQL.ROCMaster\DeviceSQL.ROCMaster.sqlproj", "{C5358ADC-ECA3-464D-AEB9-CE99048D4BE3}"
EndProject
Project("{00D1A9C2-B5F0-4AF3-8072-F6C62B433612}") = "DeviceSQL.ModbusMaster", "DeviceSQL.ModbusMaster\DeviceSQL.ModbusMaster.sqlproj", "{BF99E0A7-F591-4629-8DD2-DDA18B05E5F2}"
EndProject
Project("{00D1A9C2-B5F0-4AF3-8072-F6C62B433612}") = "DeviceSQL.DeviceManager", "DeviceSQL.DeviceManager\DeviceSQL.DeviceManager.sqlproj", "{0186AFD4-F3E0-42C0-A6BA-58F704804C31}"
EndProject
Global
	GlobalSection(SolutionConfigurationPlatforms) = preSolution
		Debug|Any CPU = Debug|Any CPU
		Debug|x86 = Debug|x86
		Release|Any CPU = Release|Any CPU
		Release|x86 = Release|x86
	EndGlobalSection
	GlobalSection(ProjectConfigurationPlatforms) = postSolution
		{CB6F0884-5A58-432A-800E-4ABFEEAB6F46}.Debug|Any CPU.ActiveCfg = Debug|Any CPU
		{CB6F0884-5A58-432A-800E-4ABFEEAB6F46}.Debug|Any CPU.Build.0 = Debug|Any CPU
		{CB6F0884-5A58-432A-800E-4ABFEEAB6F46}.Debug|Any CPU.Deploy.0 = Debug|Any CPU
		{CB6F0884-5A58-432A-800E-4ABFEEAB6F46}.Debug|x86.ActiveCfg = Debug|Any CPU
		{CB6F0884-5A58-432A-800E-4ABFEEAB6F46}.Debug|x86.Build.0 = Debug|Any CPU
		{CB6F0884-5A58-432A-800E-4ABFEEAB6F46}.Debug|x86.Deploy.0 = Debug|Any CPU
		{CB6F0884-5A58-432A-800E-4ABFEEAB6F46}.Release|Any CPU.ActiveCfg = Release|Any CPU
		{CB6F0884-5A58-432A-800E-4ABFEEAB6F46}.Release|Any CPU.Build.0 = Release|Any CPU
		{CB6F0884-5A58-432A-800E-4ABFEEAB6F46}.Release|Any CPU.Deploy.0 = Release|Any CPU
		{CB6F0884-5A58-432A-800E-4ABFEEAB6F46}.Release|x86.ActiveCfg = Release|Any CPU
		{CB6F0884-5A58-432A-800E-4ABFEEAB6F46}.Release|x86.Build.0 = Release|Any CPU
		{CB6F0884-5A58-432A-800E-4ABFEEAB6F46}.Release|x86.Deploy.0 = Release|Any CPU
		{22929CF0-D02A-47D9-A308-D1D5497BF42B}.Debug|Any CPU.ActiveCfg = Debug|Any CPU
		{22929CF0-D02A-47D9-A308-D1D5497BF42B}.Debug|Any CPU.Build.0 = Debug|Any CPU
		{22929CF0-D02A-47D9-A308-D1D5497BF42B}.Debug|x86.ActiveCfg = Debug|Any CPU
		{22929CF0-D02A-47D9-A308-D1D5497BF42B}.Debug|x86.Build.0 = Debug|Any CPU
		{22929CF0-D02A-47D9-A308-D1D5497BF42B}.Release|Any CPU.ActiveCfg = Release|Any CPU
		{22929CF0-D02A-47D9-A308-D1D5497BF42B}.Release|Any CPU.Build.0 = Release|Any CPU
		{22929CF0-D02A-47D9-A308-D1D5497BF42B}.Release|x86.ActiveCfg = Release|Any CPU
		{22929CF0-D02A-47D9-A308-D1D5497BF42B}.Release|x86.Build.0 = Release|Any CPU
		{F7B38332-A678-424C-A67E-25CF36C2430D}.Debug|Any CPU.ActiveCfg = Debug|Any CPU
		{F7B38332-A678-424C-A67E-25CF36C2430D}.Debug|Any CPU.Build.0 = Debug|Any CPU
		{F7B38332-A678-424C-A67E-25CF36C2430D}.Debug|x86.ActiveCfg = Debug|Any CPU
		{F7B38332-A678-424C-A67E-25CF36C2430D}.Debug|x86.Build.0 = Debug|Any CPU
		{F7B38332-A678-424C-A67E-25CF36C2430D}.Release|Any CPU.ActiveCfg = Release|Any CPU
		{F7B38332-A678-424C-A67E-25CF36C2430D}.Release|Any CPU.Build.0 = Release|Any CPU
		{F7B38332-A678-424C-A67E-25CF36C2430D}.Release|x86.ActiveCfg = Release|Any CPU
		{F7B38332-A678-424C-A67E-25CF36C2430D}.Release|x86.Build.0 = Release|Any CPU
		{AF0E4B64-F2C2-4459-A518-9AA905FF6F0F}.Debug|Any CPU.ActiveCfg = Debug|Any CPU
		{AF0E4B64-F2C2-4459-A518-9AA905FF6F0F}.Debug|Any CPU.Build.0 = Debug|Any CPU
		{AF0E4B64-F2C2-4459-A518-9AA905FF6F0F}.Debug|x86.ActiveCfg = Debug|Any CPU
		{AF0E4B64-F2C2-4459-A518-9AA905FF6F0F}.Debug|x86.Build.0 = Debug|Any CPU
		{AF0E4B64-F2C2-4459-A518-9AA905FF6F0F}.Release|Any CPU.ActiveCfg = Release|Any CPU
		{AF0E4B64-F2C2-4459-A518-9AA905FF6F0F}.Release|Any CPU.Build.0 = Release|Any CPU
		{AF0E4B64-F2C2-4459-A518-9AA905FF6F0F}.Release|x86.ActiveCfg = Release|Any CPU
		{AF0E4B64-F2C2-4459-A518-9AA905FF6F0F}.Release|x86.Build.0 = Release|Any CPU
		{0869E7FE-4FAC-4FC5-A2A8-313F410CF8CD}.Debug|Any CPU.ActiveCfg = Debug|Any CPU
		{0869E7FE-4FAC-4FC5-A2A8-313F410CF8CD}.Debug|Any CPU.Build.0 = Debug|Any CPU
		{0869E7FE-4FAC-4FC5-A2A8-313F410CF8CD}.Debug|x86.ActiveCfg = Debug|Any CPU
		{0869E7FE-4FAC-4FC5-A2A8-313F410CF8CD}.Debug|x86.Build.0 = Debug|Any CPU
		{0869E7FE-4FAC-4FC5-A2A8-313F410CF8CD}.Release|Any CPU.ActiveCfg = Release|Any CPU
		{0869E7FE-4FAC-4FC5-A2A8-313F410CF8CD}.Release|Any CPU.Build.0 = Release|Any CPU
		{0869E7FE-4FAC-4FC5-A2A8-313F410CF8CD}.Release|x86.ActiveCfg = Release|Any CPU
		{0869E7FE-4FAC-4FC5-A2A8-313F410CF8CD}.Release|x86.Build.0 = Release|Any CPU
		{5DEADADF-BE60-4774-80C6-97B3A83FA289}.Debug|Any CPU.ActiveCfg = Debug|Any CPU
		{5DEADADF-BE60-4774-80C6-97B3A83FA289}.Debug|Any CPU.Build.0 = Debug|Any CPU
		{5DEADADF-BE60-4774-80C6-97B3A83FA289}.Debug|x86.ActiveCfg = Debug|Any CPU
		{5DEADADF-BE60-4774-80C6-97B3A83FA289}.Debug|x86.Build.0 = Debug|Any CPU
		{5DEADADF-BE60-4774-80C6-97B3A83FA289}.Release|Any CPU.ActiveCfg = Release|Any CPU
		{5DEADADF-BE60-4774-80C6-97B3A83FA289}.Release|Any CPU.Build.0 = Release|Any CPU
		{5DEADADF-BE60-4774-80C6-97B3A83FA289}.Release|x86.ActiveCfg = Release|Any CPU
		{5DEADADF-BE60-4774-80C6-97B3A83FA289}.Release|x86.Build.0 = Release|Any CPU
		{256CA566-5436-4543-BC13-D2480BEE70C2}.Debug|Any CPU.ActiveCfg = Debug|Any CPU
		{256CA566-5436-4543-BC13-D2480BEE70C2}.Debug|Any CPU.Build.0 = Debug|Any CPU
		{256CA566-5436-4543-BC13-D2480BEE70C2}.Debug|x86.ActiveCfg = Debug|Any CPU
		{256CA566-5436-4543-BC13-D2480BEE70C2}.Debug|x86.Build.0 = Debug|Any CPU
		{256CA566-5436-4543-BC13-D2480BEE70C2}.Release|Any CPU.ActiveCfg = Release|Any CPU
		{256CA566-5436-4543-BC13-D2480BEE70C2}.Release|Any CPU.Build.0 = Release|Any CPU
		{256CA566-5436-4543-BC13-D2480BEE70C2}.Release|x86.ActiveCfg = Release|Any CPU
		{256CA566-5436-4543-BC13-D2480BEE70C2}.Release|x86.Build.0 = Release|Any CPU
		{CD45D76E-D2ED-4587-9873-F35AD24E42A5}.Debug|Any CPU.ActiveCfg = Debug|Any CPU
		{CD45D76E-D2ED-4587-9873-F35AD24E42A5}.Debug|Any CPU.Build.0 = Debug|Any CPU
		{CD45D76E-D2ED-4587-9873-F35AD24E42A5}.Debug|x86.ActiveCfg = Debug|Any CPU
		{CD45D76E-D2ED-4587-9873-F35AD24E42A5}.Debug|x86.Build.0 = Debug|Any CPU
		{CD45D76E-D2ED-4587-9873-F35AD24E42A5}.Release|Any CPU.ActiveCfg = Release|Any CPU
		{CD45D76E-D2ED-4587-9873-F35AD24E42A5}.Release|Any CPU.Build.0 = Release|Any CPU
		{CD45D76E-D2ED-4587-9873-F35AD24E42A5}.Release|x86.ActiveCfg = Release|Any CPU
		{CD45D76E-D2ED-4587-9873-F35AD24E42A5}.Release|x86.Build.0 = Release|Any CPU
		{6393A621-3002-48AB-8DE0-74A03FFC4AFB}.Debug|Any CPU.ActiveCfg = Debug|Any CPU
		{6393A621-3002-48AB-8DE0-74A03FFC4AFB}.Debug|Any CPU.Build.0 = Debug|Any CPU
		{6393A621-3002-48AB-8DE0-74A03FFC4AFB}.Debug|Any CPU.Deploy.0 = Debug|Any CPU
		{6393A621-3002-48AB-8DE0-74A03FFC4AFB}.Debug|x86.ActiveCfg = Debug|Any CPU
		{6393A621-3002-48AB-8DE0-74A03FFC4AFB}.Debug|x86.Build.0 = Debug|Any CPU
		{6393A621-3002-48AB-8DE0-74A03FFC4AFB}.Debug|x86.Deploy.0 = Debug|Any CPU
		{6393A621-3002-48AB-8DE0-74A03FFC4AFB}.Release|Any CPU.ActiveCfg = Release|Any CPU
		{6393A621-3002-48AB-8DE0-74A03FFC4AFB}.Release|Any CPU.Build.0 = Release|Any CPU
		{6393A621-3002-48AB-8DE0-74A03FFC4AFB}.Release|Any CPU.Deploy.0 = Release|Any CPU
		{6393A621-3002-48AB-8DE0-74A03FFC4AFB}.Release|x86.ActiveCfg = Release|Any CPU
		{6393A621-3002-48AB-8DE0-74A03FFC4AFB}.Release|x86.Build.0 = Release|Any CPU
		{6393A621-3002-48AB-8DE0-74A03FFC4AFB}.Release|x86.Deploy.0 = Release|Any CPU
		{C5358ADC-ECA3-464D-AEB9-CE99048D4BE3}.Debug|Any CPU.ActiveCfg = Debug|Any CPU
		{C5358ADC-ECA3-464D-AEB9-CE99048D4BE3}.Debug|Any CPU.Build.0 = Debug|Any CPU
		{C5358ADC-ECA3-464D-AEB9-CE99048D4BE3}.Debug|Any CPU.Deploy.0 = Debug|Any CPU
		{C5358ADC-ECA3-464D-AEB9-CE99048D4BE3}.Debug|x86.ActiveCfg = Debug|Any CPU
		{C5358ADC-ECA3-464D-AEB9-CE99048D4BE3}.Debug|x86.Build.0 = Debug|Any CPU
		{C5358ADC-ECA3-464D-AEB9-CE99048D4BE3}.Debug|x86.Deploy.0 = Debug|Any CPU
		{C5358ADC-ECA3-464D-AEB9-CE99048D4BE3}.Release|Any CPU.ActiveCfg = Release|Any CPU
		{C5358ADC-ECA3-464D-AEB9-CE99048D4BE3}.Release|Any CPU.Build.0 = Release|Any CPU
		{C5358ADC-ECA3-464D-AEB9-CE99048D4BE3}.Release|Any CPU.Deploy.0 = Release|Any CPU
		{C5358ADC-ECA3-464D-AEB9-CE99048D4BE3}.Release|x86.ActiveCfg = Release|Any CPU
		{C5358ADC-ECA3-464D-AEB9-CE99048D4BE3}.Release|x86.Build.0 = Release|Any CPU
		{C5358ADC-ECA3-464D-AEB9-CE99048D4BE3}.Release|x86.Deploy.0 = Release|Any CPU
		{BF99E0A7-F591-4629-8DD2-DDA18B05E5F2}.Debug|Any CPU.ActiveCfg = Debug|Any CPU
		{BF99E0A7-F591-4629-8DD2-DDA18B05E5F2}.Debug|Any CPU.Build.0 = Debug|Any CPU
		{BF99E0A7-F591-4629-8DD2-DDA18B05E5F2}.Debug|Any CPU.Deploy.0 = Debug|Any CPU
		{BF99E0A7-F591-4629-8DD2-DDA18B05E5F2}.Debug|x86.ActiveCfg = Debug|Any CPU
		{BF99E0A7-F591-4629-8DD2-DDA18B05E5F2}.Debug|x86.Build.0 = Debug|Any CPU
		{BF99E0A7-F591-4629-8DD2-DDA18B05E5F2}.Debug|x86.Deploy.0 = Debug|Any CPU
		{BF99E0A7-F591-4629-8DD2-DDA18B05E5F2}.Release|Any CPU.ActiveCfg = Release|Any CPU
		{BF99E0A7-F591-4629-8DD2-DDA18B05E5F2}.Release|Any CPU.Build.0 = Release|Any CPU
		{BF99E0A7-F591-4629-8DD2-DDA18B05E5F2}.Release|Any CPU.Deploy.0 = Release|Any CPU
		{BF99E0A7-F591-4629-8DD2-DDA18B05E5F2}.Release|x86.ActiveCfg = Release|Any CPU
		{BF99E0A7-F591-4629-8DD2-DDA18B05E5F2}.Release|x86.Build.0 = Release|Any CPU
		{BF99E0A7-F591-4629-8DD2-DDA18B05E5F2}.Release|x86.Deploy.0 = Release|Any CPU
		{0186AFD4-F3E0-42C0-A6BA-58F704804C31}.Debug|Any CPU.ActiveCfg = Debug|Any CPU
		{0186AFD4-F3E0-42C0-A6BA-58F704804C31}.Debug|Any CPU.Build.0 = Debug|Any CPU
		{0186AFD4-F3E0-42C0-A6BA-58F704804C31}.Debug|Any CPU.Deploy.0 = Debug|Any CPU
		{0186AFD4-F3E0-42C0-A6BA-58F704804C31}.Debug|x86.ActiveCfg = Debug|Any CPU
		{0186AFD4-F3E0-42C0-A6BA-58F704804C31}.Debug|x86.Build.0 = Debug|Any CPU
		{0186AFD4-F3E0-42C0-A6BA-58F704804C31}.Debug|x86.Deploy.0 = Debug|Any CPU
		{0186AFD4-F3E0-42C0-A6BA-58F704804C31}.Release|Any CPU.ActiveCfg = Release|Any CPU
		{0186AFD4-F3E0-42C0-A6BA-58F704804C31}.Release|Any CPU.Build.0 = Release|Any CPU
		{0186AFD4-F3E0-42C0-A6BA-58F704804C31}.Release|Any CPU.Deploy.0 = Release|Any CPU
		{0186AFD4-F3E0-42C0-A6BA-58F704804C31}.Release|x86.ActiveCfg = Release|Any CPU
		{0186AFD4-F3E0-42C0-A6BA-58F704804C31}.Release|x86.Build.0 = Release|Any CPU
		{0186AFD4-F3E0-42C0-A6BA-58F704804C31}.Release|x86.Deploy.0 = Release|Any CPU
	EndGlobalSection
	GlobalSection(SolutionProperties) = preSolution
		HideSolutionNode = FALSE
	EndGlobalSection
	GlobalSection(ExtensibilityGlobals) = postSolution
		SolutionGuid = {880C09C0-4802-42C9-B7F4-9C5751A33BB7}
	EndGlobalSection
EndGlobal
